
Microsoft Visual Studio Solution File, Format Version 12.00
# Visual Studio Version 17
VisualStudioVersion = 17.3.32929.385
MinimumVisualStudioVersion = 10.0.40219.1
Project("{9A19103F-16F7-4668-BE54-9A1E7A4F7556}") = "HomeworkOne", "HomeworkOne\HomeworkOne.csproj", "{7F9569DE-499E-4A73-A8D7-6DD09B0DDECF}"
EndProject
Project("{FAE04EC0-301F-11D3-BF4B-00C04F79EFBC}") = "RandomCriminal", "RandomCriminal\RandomCriminal.csproj", "{9E843D3B-7075-461D-BF77-05F277FCE067}"
EndProject
Project("{FAE04EC0-301F-11D3-BF4B-00C04F79EFBC}") = "RandomEmployer", "RandomEmployer\RandomEmployer.csproj", "{7F7F3505-BFEB-4CF1-8F4E-7FDE5C700985}"
EndProject
Project("{FAE04EC0-301F-11D3-BF4B-00C04F79EFBC}") = "TheEmployer", "TheEmployer\TheEmployer.csproj", "{A1B1FA20-387F-4659-9532-DF7F1AC91C8A}"
EndProject
Project("{FAE04EC0-301F-11D3-BF4B-00C04F79EFBC}") = "TheFact", "TheFact\TheFact.csproj", "{CD347D16-5AA7-4661-8149-A87066C8F4FB}"
EndProject
Global
	GlobalSection(SolutionConfigurationPlatforms) = preSolution
		Debug|Any CPU = Debug|Any CPU
		Release|Any CPU = Release|Any CPU
	EndGlobalSection
	GlobalSection(ProjectConfigurationPlatforms) = postSolution
		{7F9569DE-499E-4A73-A8D7-6DD09B0DDECF}.Debug|Any CPU.ActiveCfg = Debug|Any CPU
		{7F9569DE-499E-4A73-A8D7-6DD09B0DDECF}.Debug|Any CPU.Build.0 = Debug|Any CPU
		{7F9569DE-499E-4A73-A8D7-6DD09B0DDECF}.Release|Any CPU.ActiveCfg = Release|Any CPU
		{7F9569DE-499E-4A73-A8D7-6DD09B0DDECF}.Release|Any CPU.Build.0 = Release|Any CPU
		{9E843D3B-7075-461D-BF77-05F277FCE067}.Debug|Any CPU.ActiveCfg = Debug|Any CPU
		{9E843D3B-7075-461D-BF77-05F277FCE067}.Debug|Any CPU.Build.0 = Debug|Any CPU
		{9E843D3B-7075-461D-BF77-05F277FCE067}.Release|Any CPU.ActiveCfg = Release|Any CPU
		{9E843D3B-7075-461D-BF77-05F277FCE067}.Release|Any CPU.Build.0 = Release|Any CPU
		{7F7F3505-BFEB-4CF1-8F4E-7FDE5C700985}.Debug|Any CPU.ActiveCfg = Debug|Any CPU
		{7F7F3505-BFEB-4CF1-8F4E-7FDE5C700985}.Debug|Any CPU.Build.0 = Debug|Any CPU
		{7F7F3505-BFEB-4CF1-8F4E-7FDE5C700985}.Release|Any CPU.ActiveCfg = Release|Any CPU
		{7F7F3505-BFEB-4CF1-8F4E-7FDE5C700985}.Release|Any CPU.Build.0 = Release|Any CPU
		{A1B1FA20-387F-4659-9532-DF7F1AC91C8A}.Debug|Any CPU.ActiveCfg = Debug|Any CPU
		{A1B1FA20-387F-4659-9532-DF7F1AC91C8A}.Debug|Any CPU.Build.0 = Debug|Any CPU
		{A1B1FA20-387F-4659-9532-DF7F1AC91C8A}.Release|Any CPU.ActiveCfg = Release|Any CPU
		{A1B1FA20-387F-4659-9532-DF7F1AC91C8A}.Release|Any CPU.Build.0 = Release|Any CPU
		{CD347D16-5AA7-4661-8149-A87066C8F4FB}.Debug|Any CPU.ActiveCfg = Debug|Any CPU
		{CD347D16-5AA7-4661-8149-A87066C8F4FB}.Debug|Any CPU.Build.0 = Debug|Any CPU
		{CD347D16-5AA7-4661-8149-A87066C8F4FB}.Release|Any CPU.ActiveCfg = Release|Any CPU
		{CD347D16-5AA7-4661-8149-A87066C8F4FB}.Release|Any CPU.Build.0 = Release|Any CPU
	EndGlobalSection
	GlobalSection(SolutionProperties) = preSolution
		HideSolutionNode = FALSE
	EndGlobalSection
	GlobalSection(ExtensibilityGlobals) = postSolution
		SolutionGuid = {2043AE42-CC47-47C3-92AE-0587B0D8882D}
	EndGlobalSection
EndGlobal
